
Microsoft Visual Studio Solution File, Format Version 12.00
# Visual Studio Version 16
VisualStudioVersion = 16.0.33130.400
MinimumVisualStudioVersion = 10.0.40219.1
Project("{FAE04EC0-301F-11D3-BF4B-00C04F79EFBC}") = "zadachaa1", "zadachaa1\zadachaa1.csproj", "{2C4D1DB1-2B89-4D49-8F45-DC2CC395C376}"
EndProject
Global
	GlobalSection(SolutionConfigurationPlatforms) = preSolution
		Debug|Any CPU = Debug|Any CPU
		Release|Any CPU = Release|Any CPU
	EndGlobalSection
	GlobalSection(ProjectConfigurationPlatforms) = postSolution
		{2C4D1DB1-2B89-4D49-8F45-DC2CC395C376}.Debug|Any CPU.ActiveCfg = Debug|Any CPU
		{2C4D1DB1-2B89-4D49-8F45-DC2CC395C376}.Debug|Any CPU.Build.0 = Debug|Any CPU
		{2C4D1DB1-2B89-4D49-8F45-DC2CC395C376}.Release|Any CPU.ActiveCfg = Release|Any CPU
		{2C4D1DB1-2B89-4D49-8F45-DC2CC395C376}.Release|Any CPU.Build.0 = Release|Any CPU
	EndGlobalSection
	GlobalSection(SolutionProperties) = preSolution
		HideSolutionNode = FALSE
	EndGlobalSection
	GlobalSection(ExtensibilityGlobals) = postSolution
		SolutionGuid = {23BD6496-E8D5-45EC-A8C2-ADC9D38AF3B1}
	EndGlobalSection
EndGlobal
